
Microsoft Visual Studio Solution File, Format Version 12.00
# Visual Studio Version 17
VisualStudioVersion = 17.3.32819.101
MinimumVisualStudioVersion = 10.0.40219.1
Project("{FAE04EC0-301F-11D3-BF4B-00C04F79EFBC}") = "BuildaSquare", "BuildaSquare\BuildaSquare.csproj", "{89DA8BB0-8044-49F2-9202-73B2B5E6DE0E}"
EndProject
Global
	GlobalSection(SolutionConfigurationPlatforms) = preSolution
		Debug|Any CPU = Debug|Any CPU
		Release|Any CPU = Release|Any CPU
	EndGlobalSection
	GlobalSection(ProjectConfigurationPlatforms) = postSolution
		{89DA8BB0-8044-49F2-9202-73B2B5E6DE0E}.Debug|Any CPU.ActiveCfg = Debug|Any CPU
		{89DA8BB0-8044-49F2-9202-73B2B5E6DE0E}.Debug|Any CPU.Build.0 = Debug|Any CPU
		{89DA8BB0-8044-49F2-9202-73B2B5E6DE0E}.Release|Any CPU.ActiveCfg = Release|Any CPU
		{89DA8BB0-8044-49F2-9202-73B2B5E6DE0E}.Release|Any CPU.Build.0 = Release|Any CPU
	EndGlobalSection
	GlobalSection(SolutionProperties) = preSolution
		HideSolutionNode = FALSE
	EndGlobalSection
	GlobalSection(ExtensibilityGlobals) = postSolution
		SolutionGuid = {B7177840-5BA6-452C-8746-DB0812668EB5}
	EndGlobalSection
EndGlobal
